// !$*UTF8*$!
{
	archiveVersion = 1;
	classes = {
	};
	objectVersion = 46;
	objects = {

/* Begin PBXBuildFile section */
		EF91D0781815868C00F6947B /* Foundation.framework in Frameworks */ = {isa = PBXBuildFile; fileRef = EF91D0771815868C00F6947B /* Foundation.framework */; };
		EF91D07A1815868C00F6947B /* CoreGraphics.framework in Frameworks */ = {isa = PBXBuildFile; fileRef = EF91D0791815868C00F6947B /* CoreGraphics.framework */; };
		EF91D07C1815868C00F6947B /* UIKit.framework in Frameworks */ = {isa = PBXBuildFile; fileRef = EF91D07B1815868C00F6947B /* UIKit.framework */; };
		EF91D0821815868C00F6947B /* InfoPlist.strings in Resources */ = {isa = PBXBuildFile; fileRef = EF91D0801815868C00F6947B /* InfoPlist.strings */; };
		EF91D0841815868C00F6947B /* main.m in Sources */ = {isa = PBXBuildFile; fileRef = EF91D0831815868C00F6947B /* main.m */; };
		EF91D0881815868C00F6947B /* AppDelegate.m in Sources */ = {isa = PBXBuildFile; fileRef = EF91D0871815868C00F6947B /* AppDelegate.m */; };
		EF91D08B1815868C00F6947B /* Main.storyboard in Resources */ = {isa = PBXBuildFile; fileRef = EF91D0891815868C00F6947B /* Main.storyboard */; };
		EF91D0931815868C00F6947B /* Images.xcassets in Resources */ = {isa = PBXBuildFile; fileRef = EF91D0921815868C00F6947B /* Images.xcassets */; };
		EF91D09A1815868C00F6947B /* XCTest.framework in Frameworks */ = {isa = PBXBuildFile; fileRef = EF91D0991815868C00F6947B /* XCTest.framework */; };
		EF91D09B1815868C00F6947B /* Foundation.framework in Frameworks */ = {isa = PBXBuildFile; fileRef = EF91D0771815868C00F6947B /* Foundation.framework */; };
		EF91D09C1815868C00F6947B /* UIKit.framework in Frameworks */ = {isa = PBXBuildFile; fileRef = EF91D07B1815868C00F6947B /* UIKit.framework */; };
		EF91D0A41815868C00F6947B /* InfoPlist.strings in Resources */ = {isa = PBXBuildFile; fileRef = EF91D0A21815868C00F6947B /* InfoPlist.strings */; };
		EF91D0A61815868C00F6947B /* ThreadingTests.m in Sources */ = {isa = PBXBuildFile; fileRef = EF91D0A51815868C00F6947B /* ThreadingTests.m */; };
		EF91D0B1181586D800F6947B /* ThreadingTableViewController.m in Sources */ = {isa = PBXBuildFile; fileRef = EF91D0B0181586D800F6947B /* ThreadingTableViewController.m */; };
/* End PBXBuildFile section */

/* Begin PBXContainerItemProxy section */
		EF91D09D1815868C00F6947B /* PBXContainerItemProxy */ = {
			isa = PBXContainerItemProxy;
			containerPortal = EF91D06C1815868C00F6947B /* Project object */;
			proxyType = 1;
			remoteGlobalIDString = EF91D0731815868C00F6947B;
			remoteInfo = Threading;
		};
/* End PBXContainerItemProxy section */

/* Begin PBXFileReference section */
		EF91D0741815868C00F6947B /* Threading.app */ = {isa = PBXFileReference; explicitFileType = wrapper.application; includeInIndex = 0; path = Threading.app; sourceTree = BUILT_PRODUCTS_DIR; };
		EF91D0771815868C00F6947B /* Foundation.framework */ = {isa = PBXFileReference; lastKnownFileType = wrapper.framework; name = Foundation.framework; path = System/Library/Frameworks/Foundation.framework; sourceTree = SDKROOT; };
		EF91D0791815868C00F6947B /* CoreGraphics.framework */ = {isa = PBXFileReference; lastKnownFileType = wrapper.framework; name = CoreGraphics.framework; path = System/Library/Frameworks/CoreGraphics.framework; sourceTree = SDKROOT; };
		EF91D07B1815868C00F6947B /* UIKit.framework */ = {isa = PBXFileReference; lastKnownFileType = wrapper.framework; name = UIKit.framework; path = System/Library/Frameworks/UIKit.framework; sourceTree = SDKROOT; };
		EF91D07F1815868C00F6947B /* Threading-Info.plist */ = {isa = PBXFileReference; lastKnownFileType = text.plist.xml; path = "Threading-Info.plist"; sourceTree = "<group>"; };
		EF91D0811815868C00F6947B /* en */ = {isa = PBXFileReference; lastKnownFileType = text.plist.strings; name = en; path = en.lproj/InfoPlist.strings; sourceTree = "<group>"; };
		EF91D0831815868C00F6947B /* main.m */ = {isa = PBXFileReference; lastKnownFileType = sourcecode.c.objc; path = main.m; sourceTree = "<group>"; };
		EF91D0851815868C00F6947B /* Threading-Prefix.pch */ = {isa = PBXFileReference; lastKnownFileType = sourcecode.c.h; path = "Threading-Prefix.pch"; sourceTree = "<group>"; };
		EF91D0861815868C00F6947B /* AppDelegate.h */ = {isa = PBXFileReference; lastKnownFileType = sourcecode.c.h; path = AppDelegate.h; sourceTree = "<group>"; };
		EF91D0871815868C00F6947B /* AppDelegate.m */ = {isa = PBXFileReference; lastKnownFileType = sourcecode.c.objc; path = AppDelegate.m; sourceTree = "<group>"; };
		EF91D08A1815868C00F6947B /* Base */ = {isa = PBXFileReference; lastKnownFileType = file.storyboard; name = Base; path = Base.lproj/Main.storyboard; sourceTree = "<group>"; };
		EF91D0921815868C00F6947B /* Images.xcassets */ = {isa = PBXFileReference; lastKnownFileType = folder.assetcatalog; path = Images.xcassets; sourceTree = "<group>"; };
		EF91D0981815868C00F6947B /* ThreadingTests.xctest */ = {isa = PBXFileReference; explicitFileType = wrapper.cfbundle; includeInIndex = 0; path = ThreadingTests.xctest; sourceTree = BUILT_PRODUCTS_DIR; };
		EF91D0991815868C00F6947B /* XCTest.framework */ = {isa = PBXFileReference; lastKnownFileType = wrapper.framework; name = XCTest.framework; path = Library/Frameworks/XCTest.framework; sourceTree = DEVELOPER_DIR; };
		EF91D0A11815868C00F6947B /* ThreadingTests-Info.plist */ = {isa = PBXFileReference; lastKnownFileType = text.plist.xml; path = "ThreadingTests-Info.plist"; sourceTree = "<group>"; };
		EF91D0A31815868C00F6947B /* en */ = {isa = PBXFileReference; lastKnownFileType = text.plist.strings; name = en; path = en.lproj/InfoPlist.strings; sourceTree = "<group>"; };
		EF91D0A51815868C00F6947B /* ThreadingTests.m */ = {isa = PBXFileReference; lastKnownFileType = sourcecode.c.objc; path = ThreadingTests.m; sourceTree = "<group>"; };
		EF91D0AF181586D800F6947B /* ThreadingTableViewController.h */ = {isa = PBXFileReference; fileEncoding = 4; lastKnownFileType = sourcecode.c.h; path = ThreadingTableViewController.h; sourceTree = "<group>"; };
		EF91D0B0181586D800F6947B /* ThreadingTableViewController.m */ = {isa = PBXFileReference; fileEncoding = 4; lastKnownFileType = sourcecode.c.objc; path = ThreadingTableViewController.m; sourceTree = "<group>"; };
/* End PBXFileReference section */

/* Begin PBXFrameworksBuildPhase section */
		EF91D0711815868C00F6947B /* Frameworks */ = {
			isa = PBXFrameworksBuildPhase;
			buildActionMask = 2147483647;
			files = (
				EF91D07A1815868C00F6947B /* CoreGraphics.framework in Frameworks */,
				EF91D07C1815868C00F6947B /* UIKit.framework in Frameworks */,
				EF91D0781815868C00F6947B /* Foundation.framework in Frameworks */,
			);
			runOnlyForDeploymentPostprocessing = 0;
		};
		EF91D0951815868C00F6947B /* Frameworks */ = {
			isa = PBXFrameworksBuildPhase;
			buildActionMask = 2147483647;
			files = (
				EF91D09A1815868C00F6947B /* XCTest.framework in Frameworks */,
				EF91D09C1815868C00F6947B /* UIKit.framework in Frameworks */,
				EF91D09B1815868C00F6947B /* Foundation.framework in Frameworks */,
			);
			runOnlyForDeploymentPostprocessing = 0;
		};
/* End PBXFrameworksBuildPhase section */

/* Begin PBXGroup section */
		EF91D06B1815868C00F6947B = {
			isa = PBXGroup;
			children = (
				EF91D07D1815868C00F6947B /* Threading */,
				EF91D09F1815868C00F6947B /* ThreadingTests */,
				EF91D0761815868C00F6947B /* Frameworks */,
				EF91D0751815868C00F6947B /* Products */,
			);
			sourceTree = "<group>";
		};
		EF91D0751815868C00F6947B /* Products */ = {
			isa = PBXGroup;
			children = (
				EF91D0741815868C00F6947B /* Threading.app */,
				EF91D0981815868C00F6947B /* ThreadingTests.xctest */,
			);
			name = Products;
			sourceTree = "<group>";
		};
		EF91D0761815868C00F6947B /* Frameworks */ = {
			isa = PBXGroup;
			children = (
				EF91D0771815868C00F6947B /* Foundation.framework */,
				EF91D0791815868C00F6947B /* CoreGraphics.framework */,
				EF91D07B1815868C00F6947B /* UIKit.framework */,
				EF91D0991815868C00F6947B /* XCTest.framework */,
			);
			name = Frameworks;
			sourceTree = "<group>";
		};
		EF91D07D1815868C00F6947B /* Threading */ = {
			isa = PBXGroup;
			children = (
				EF91D0861815868C00F6947B /* AppDelegate.h */,
				EF91D0871815868C00F6947B /* AppDelegate.m */,
				EF91D0891815868C00F6947B /* Main.storyboard */,
				EF91D0921815868C00F6947B /* Images.xcassets */,
				EF91D07E1815868C00F6947B /* Supporting Files */,
				EF91D0AF181586D800F6947B /* ThreadingTableViewController.h */,
				EF91D0B0181586D800F6947B /* ThreadingTableViewController.m */,
			);
			path = Threading;
			sourceTree = "<group>";
		};
		EF91D07E1815868C00F6947B /* Supporting Files */ = {
			isa = PBXGroup;
			children = (
				EF91D07F1815868C00F6947B /* Threading-Info.plist */,
				EF91D0801815868C00F6947B /* InfoPlist.strings */,
				EF91D0831815868C00F6947B /* main.m */,
				EF91D0851815868C00F6947B /* Threading-Prefix.pch */,
			);
			name = "Supporting Files";
			sourceTree = "<group>";
		};
		EF91D09F1815868C00F6947B /* ThreadingTests */ = {
			isa = PBXGroup;
			children = (
				EF91D0A51815868C00F6947B /* ThreadingTests.m */,
				EF91D0A01815868C00F6947B /* Supporting Files */,
			);
			path = ThreadingTests;
			sourceTree = "<group>";
		};
		EF91D0A01815868C00F6947B /* Supporting Files */ = {
			isa = PBXGroup;
			children = (
				EF91D0A11815868C00F6947B /* ThreadingTests-Info.plist */,
				EF91D0A21815868C00F6947B /* InfoPlist.strings */,
			);
			name = "Supporting Files";
			sourceTree = "<group>";
		};
/* End PBXGroup section */

/* Begin PBXNativeTarget section */
		EF91D0731815868C00F6947B /* Threading */ = {
			isa = PBXNativeTarget;
			buildConfigurationList = EF91D0A91815868C00F6947B /* Build configuration list for PBXNativeTarget "Threading" */;
			buildPhases = (
				EF91D0701815868C00F6947B /* Sources */,
				EF91D0711815868C00F6947B /* Frameworks */,
				EF91D0721815868C00F6947B /* Resources */,
			);
			buildRules = (
			);
			dependencies = (
			);
			name = Threading;
			productName = Threading;
			productReference = EF91D0741815868C00F6947B /* Threading.app */;
			productType = "com.apple.product-type.application";
		};
		EF91D0971815868C00F6947B /* ThreadingTests */ = {
			isa = PBXNativeTarget;
			buildConfigurationList = EF91D0AC1815868C00F6947B /* Build configuration list for PBXNativeTarget "ThreadingTests" */;
			buildPhases = (
				EF91D0941815868C00F6947B /* Sources */,
				EF91D0951815868C00F6947B /* Frameworks */,
				EF91D0961815868C00F6947B /* Resources */,
			);
			buildRules = (
			);
			dependencies = (
				EF91D09E1815868C00F6947B /* PBXTargetDependency */,
			);
			name = ThreadingTests;
			productName = ThreadingTests;
			productReference = EF91D0981815868C00F6947B /* ThreadingTests.xctest */;
			productType = "com.apple.product-type.bundle.unit-test";
		};
/* End PBXNativeTarget section */

/* Begin PBXProject section */
		EF91D06C1815868C00F6947B /* Project object */ = {
			isa = PBXProject;
			attributes = {
				LastUpgradeCheck = 0500;
				ORGANIZATIONNAME = "Code Fellows";
				TargetAttributes = {
					EF91D0971815868C00F6947B = {
						TestTargetID = EF91D0731815868C00F6947B;
					};
				};
			};
			buildConfigurationList = EF91D06F1815868C00F6947B /* Build configuration list for PBXProject "Threading" */;
			compatibilityVersion = "Xcode 3.2";
			developmentRegion = English;
			hasScannedForEncodings = 0;
			knownRegions = (
				en,
				Base,
			);
			mainGroup = EF91D06B1815868C00F6947B;
			productRefGroup = EF91D0751815868C00F6947B /* Products */;
			projectDirPath = "";
			projectRoot = "";
			targets = (
				EF91D0731815868C00F6947B /* Threading */,
				EF91D0971815868C00F6947B /* ThreadingTests */,
			);
		};
/* End PBXProject section */

/* Begin PBXResourcesBuildPhase section */
		EF91D0721815868C00F6947B /* Resources */ = {
			isa = PBXResourcesBuildPhase;
			buildActionMask = 2147483647;
			files = (
				EF91D0931815868C00F6947B /* Images.xcassets in Resources */,
				EF91D0821815868C00F6947B /* InfoPlist.strings in Resources */,
				EF91D08B1815868C00F6947B /* Main.storyboard in Resources */,
			);
			runOnlyForDeploymentPostprocessing = 0;
		};
		EF91D0961815868C00F6947B /* Resources */ = {
			isa = PBXResourcesBuildPhase;
			buildActionMask = 2147483647;
			files = (
				EF91D0A41815868C00F6947B /* InfoPlist.strings in Resources */,
			);
			runOnlyForDeploymentPostprocessing = 0;
		};
/* End PBXResourcesBuildPhase section */

/* Begin PBXSourcesBuildPhase section */
		EF91D0701815868C00F6947B /* Sources */ = {
			isa = PBXSourcesBuildPhase;
			buildActionMask = 2147483647;
			files = (
				EF91D0881815868C00F6947B /* AppDelegate.m in Sources */,
				EF91D0B1181586D800F6947B /* ThreadingTableViewController.m in Sources */,
				EF91D0841815868C00F6947B /* main.m in Sources */,
			);
			runOnlyForDeploymentPostprocessing = 0;
		};
		EF91D0941815868C00F6947B /* Sources */ = {
			isa = PBXSourcesBuildPhase;
			buildActionMask = 2147483647;
			files = (
				EF91D0A61815868C00F6947B /* ThreadingTests.m in Sources */,
			);
			runOnlyForDeploymentPostprocessing = 0;
		};
/* End PBXSourcesBuildPhase section */

/* Begin PBXTargetDependency section */
		EF91D09E1815868C00F6947B /* PBXTargetDependency */ = {
			isa = PBXTargetDependency;
			target = EF91D0731815868C00F6947B /* Threading */;
			targetProxy = EF91D09D1815868C00F6947B /* PBXContainerItemProxy */;
		};
/* End PBXTargetDependency section */

/* Begin PBXVariantGroup section */
		EF91D0801815868C00F6947B /* InfoPlist.strings */ = {
			isa = PBXVariantGroup;
			children = (
				EF91D0811815868C00F6947B /* en */,
			);
			name = InfoPlist.strings;
			sourceTree = "<group>";
		};
		EF91D0891815868C00F6947B /* Main.storyboard */ = {
			isa = PBXVariantGroup;
			children = (
				EF91D08A1815868C00F6947B /* Base */,
			);
			name = Main.storyboard;
			sourceTree = "<group>";
		};
		EF91D0A21815868C00F6947B /* InfoPlist.strings */ = {
			isa = PBXVariantGroup;
			children = (
				EF91D0A31815868C00F6947B /* en */,
			);
			name = InfoPlist.strings;
			sourceTree = "<group>";
		};
/* End PBXVariantGroup section */

/* Begin XCBuildConfiguration section */
		EF91D0A71815868C00F6947B /* Debug */ = {
			isa = XCBuildConfiguration;
			buildSettings = {
				ALWAYS_SEARCH_USER_PATHS = NO;
				ARCHS = "$(ARCHS_STANDARD_INCLUDING_64_BIT)";
				CLANG_CXX_LANGUAGE_STANDARD = "gnu++0x";
				CLANG_CXX_LIBRARY = "libc++";
				CLANG_ENABLE_MODULES = YES;
				CLANG_ENABLE_OBJC_ARC = YES;
				CLANG_WARN_BOOL_CONVERSION = YES;
				CLANG_WARN_CONSTANT_CONVERSION = YES;
				CLANG_WARN_DIRECT_OBJC_ISA_USAGE = YES_ERROR;
				CLANG_WARN_EMPTY_BODY = YES;
				CLANG_WARN_ENUM_CONVERSION = YES;
				CLANG_WARN_INT_CONVERSION = YES;
				CLANG_WARN_OBJC_ROOT_CLASS = YES_ERROR;
				CLANG_WARN__DUPLICATE_METHOD_MATCH = YES;
				"CODE_SIGN_IDENTITY[sdk=iphoneos*]" = "iPhone Developer";
				COPY_PHASE_STRIP = NO;
				GCC_C_LANGUAGE_STANDARD = gnu99;
				GCC_DYNAMIC_NO_PIC = NO;
				GCC_OPTIMIZATION_LEVEL = 0;
				GCC_PREPROCESSOR_DEFINITIONS = (
					"DEBUG=1",
					"$(inherited)",
				);
				GCC_SYMBOLS_PRIVATE_EXTERN = NO;
				GCC_WARN_64_TO_32_BIT_CONVERSION = YES;
				GCC_WARN_ABOUT_RETURN_TYPE = YES_ERROR;
				GCC_WARN_UNDECLARED_SELECTOR = YES;
				GCC_WARN_UNINITIALIZED_AUTOS = YES;
				GCC_WARN_UNUSED_FUNCTION = YES;
				GCC_WARN_UNUSED_VARIABLE = YES;
				IPHONEOS_DEPLOYMENT_TARGET = 7.0;
				ONLY_ACTIVE_ARCH = YES;
				SDKROOT = iphoneos;
			};
			name = Debug;
		};
		EF91D0A81815868C00F6947B /* Release */ = {
			isa = XCBuildConfiguration;
			buildSettings = {
				ALWAYS_SEARCH_USER_PATHS = NO;
				ARCHS = "$(ARCHS_STANDARD_INCLUDING_64_BIT)";
				CLANG_CXX_LANGUAGE_STANDARD = "gnu++0x";
				CLANG_CXX_LIBRARY = "libc++";
				CLANG_ENABLE_MODULES = YES;
				CLANG_ENABLE_OBJC_ARC = YES;
				CLANG_WARN_BOOL_CONVERSION = YES;
				CLANG_WARN_CONSTANT_CONVERSION = YES;
				CLANG_WARN_DIRECT_OBJC_ISA_USAGE = YES_ERROR;
				CLANG_WARN_EMPTY_BODY = YES;
				CLANG_WARN_ENUM_CONVERSION = YES;
				CLANG_WARN_INT_CONVERSION = YES;
				CLANG_WARN_OBJC_ROOT_CLASS = YES_ERROR;
				CLANG_WARN__DUPLICATE_METHOD_MATCH = YES;
				"CODE_SIGN_IDENTITY[sdk=iphoneos*]" = "iPhone Developer";
				COPY_PHASE_STRIP = YES;
				ENABLE_NS_ASSERTIONS = NO;
				GCC_C_LANGUAGE_STANDARD = gnu99;
				GCC_WARN_64_TO_32_BIT_CONVERSION = YES;
				GCC_WARN_ABOUT_RETURN_TYPE = YES_ERROR;
				GCC_WARN_UNDECLARED_SELECTOR = YES;
				GCC_WARN_UNINITIALIZED_AUTOS = YES;
				GCC_WARN_UNUSED_FUNCTION = YES;
				GCC_WARN_UNUSED_VARIABLE = YES;
				IPHONEOS_DEPLOYMENT_TARGET = 7.0;
				SDKROOT = iphoneos;
				VALIDATE_PRODUCT = YES;
			};
			name = Release;
		};
		EF91D0AA1815868C00F6947B /* Debug */ = {
			isa = XCBuildConfiguration;
			buildSettings = {
				ASSETCATALOG_COMPILER_APPICON_NAME = AppIcon;
				ASSETCATALOG_COMPILER_LAUNCHIMAGE_NAME = LaunchImage;
				GCC_PRECOMPILE_PREFIX_HEADER = YES;
				GCC_PREFIX_HEADER = "Threading/Threading-Prefix.pch";
				INFOPLIST_FILE = "Threading/Threading-Info.plist";
				PRODUCT_NAME = "$(TARGET_NAME)";
				WRAPPER_EXTENSION = app;
			};
			name = Debug;
		};
		EF91D0AB1815868C00F6947B /* Release */ = {
			isa = XCBuildConfiguration;
			buildSettings = {
				ASSETCATALOG_COMPILER_APPICON_NAME = AppIcon;
				ASSETCATALOG_COMPILER_LAUNCHIMAGE_NAME = LaunchImage;
				GCC_PRECOMPILE_PREFIX_HEADER = YES;
				GCC_PREFIX_HEADER = "Threading/Threading-Prefix.pch";
				INFOPLIST_FILE = "Threading/Threading-Info.plist";
				PRODUCT_NAME = "$(TARGET_NAME)";
				WRAPPER_EXTENSION = app;
			};
			name = Release;
		};
		EF91D0AD1815868C00F6947B /* Debug */ = {
			isa = XCBuildConfiguration;
			buildSettings = {
				ARCHS = "$(ARCHS_STANDARD_INCLUDING_64_BIT)";
				BUNDLE_LOADER = "$(BUILT_PRODUCTS_DIR)/Threading.app/Threading";
				FRAMEWORK_SEARCH_PATHS = (
					"$(SDKROOT)/Developer/Library/Frameworks",
					"$(inherited)",
					"$(DEVELOPER_FRAMEWORKS_DIR)",
				);
				GCC_PRECOMPILE_PREFIX_HEADER = YES;
				GCC_PREFIX_HEADER = "Threading/Threading-Prefix.pch";
				GCC_PREPROCESSOR_DEFINITIONS = (
					"DEBUG=1",
					"$(inherited)",
				);
				INFOPLIST_FILE = "ThreadingTests/ThreadingTests-Info.plist";
				PRODUCT_NAME = "$(TARGET_NAME)";
				TEST_HOST = "$(BUNDLE_LOADER)";
				WRAPPER_EXTENSION = xctest;
			};
			name = Debug;
		};
		EF91D0AE1815868C00F6947B /* Release */ = {
			isa = XCBuildConfiguration;
			buildSettings = {
				ARCHS = "$(ARCHS_STANDARD_INCLUDING_64_BIT)";
				BUNDLE_LOADER = "$(BUILT_PRODUCTS_DIR)/Threading.app/Threading";
				FRAMEWORK_SEARCH_PATHS = (
					"$(SDKROOT)/Developer/Library/Frameworks",
					"$(inherited)",
					"$(DEVELOPER_FRAMEWORKS_DIR)",
				);
				GCC_PRECOMPILE_PREFIX_HEADER = YES;
				GCC_PREFIX_HEADER = "Threading/Threading-Prefix.pch";
				INFOPLIST_FILE = "ThreadingTests/ThreadingTests-Info.plist";
				PRODUCT_NAME = "$(TARGET_NAME)";
				TEST_HOST = "$(BUNDLE_LOADER)";
				WRAPPER_EXTENSION = xctest;
			};
			name = Release;
		};
/* End XCBuildConfiguration section */

/* Begin XCConfigurationList section */
		EF91D06F1815868C00F6947B /* Build configuration list for PBXProject "Threading" */ = {
			isa = XCConfigurationList;
			buildConfigurations = (
				EF91D0A71815868C00F6947B /* Debug */,
				EF91D0A81815868C00F6947B /* Release */,
			);
			defaultConfigurationIsVisible = 0;
			defaultConfigurationName = Release;
		};
		EF91D0A91815868C00F6947B /* Build configuration list for PBXNativeTarget "Threading" */ = {
			isa = XCConfigurationList;
			buildConfigurations = (
				EF91D0AA1815868C00F6947B /* Debug */,
				EF91D0AB1815868C00F6947B /* Release */,
			);
			defaultConfigurationIsVisible = 0;
			defaultConfigurationName = Release;
		};
		EF91D0AC1815868C00F6947B /* Build configuration list for PBXNativeTarget "ThreadingTests" */ = {
			isa = XCConfigurationList;
			buildConfigurations = (
				EF91D0AD1815868C00F6947B /* Debug */,
				EF91D0AE1815868C00F6947B /* Release */,
			);
			defaultConfigurationIsVisible = 0;
			defaultConfigurationName = Release;
		};
/* End XCConfigurationList section */
	};
	rootObject = EF91D06C1815868C00F6947B /* Project object */;
}
