// !$*UTF8*$!
{
	archiveVersion = 1;
	classes = {
	};
	objectVersion = 46;
	objects = {

/* Begin PBXBuildFile section */
		EF0592D617F0CE33004BA337 /* Foundation.framework in Frameworks */ = {isa = PBXBuildFile; fileRef = EF0592D517F0CE33004BA337 /* Foundation.framework */; };
		EF0592D817F0CE33004BA337 /* CoreGraphics.framework in Frameworks */ = {isa = PBXBuildFile; fileRef = EF0592D717F0CE33004BA337 /* CoreGraphics.framework */; };
		EF0592DA17F0CE33004BA337 /* UIKit.framework in Frameworks */ = {isa = PBXBuildFile; fileRef = EF0592D917F0CE33004BA337 /* UIKit.framework */; };
		EF0592E017F0CE33004BA337 /* InfoPlist.strings in Resources */ = {isa = PBXBuildFile; fileRef = EF0592DE17F0CE33004BA337 /* InfoPlist.strings */; };
		EF0592E217F0CE33004BA337 /* main.m in Sources */ = {isa = PBXBuildFile; fileRef = EF0592E117F0CE33004BA337 /* main.m */; };
		EF0592E617F0CE33004BA337 /* PNAppDelegate.m in Sources */ = {isa = PBXBuildFile; fileRef = EF0592E517F0CE33004BA337 /* PNAppDelegate.m */; };
		EF0592E917F0CE33004BA337 /* Main.storyboard in Resources */ = {isa = PBXBuildFile; fileRef = EF0592E717F0CE33004BA337 /* Main.storyboard */; };
		EF0592EC17F0CE33004BA337 /* PNFirstViewController.m in Sources */ = {isa = PBXBuildFile; fileRef = EF0592EB17F0CE33004BA337 /* PNFirstViewController.m */; };
		EF0592EF17F0CE33004BA337 /* PNSecondViewController.m in Sources */ = {isa = PBXBuildFile; fileRef = EF0592EE17F0CE33004BA337 /* PNSecondViewController.m */; };
		EF0592F117F0CE33004BA337 /* Images.xcassets in Resources */ = {isa = PBXBuildFile; fileRef = EF0592F017F0CE33004BA337 /* Images.xcassets */; };
		EF0592F817F0CE33004BA337 /* XCTest.framework in Frameworks */ = {isa = PBXBuildFile; fileRef = EF0592F717F0CE33004BA337 /* XCTest.framework */; };
		EF0592F917F0CE33004BA337 /* Foundation.framework in Frameworks */ = {isa = PBXBuildFile; fileRef = EF0592D517F0CE33004BA337 /* Foundation.framework */; };
		EF0592FA17F0CE33004BA337 /* UIKit.framework in Frameworks */ = {isa = PBXBuildFile; fileRef = EF0592D917F0CE33004BA337 /* UIKit.framework */; };
		EF05930217F0CE33004BA337 /* InfoPlist.strings in Resources */ = {isa = PBXBuildFile; fileRef = EF05930017F0CE33004BA337 /* InfoPlist.strings */; };
		EF05930417F0CE33004BA337 /* Push_Notifications_DemoTests.m in Sources */ = {isa = PBXBuildFile; fileRef = EF05930317F0CE33004BA337 /* Push_Notifications_DemoTests.m */; };
/* End PBXBuildFile section */

/* Begin PBXContainerItemProxy section */
		EF0592FB17F0CE33004BA337 /* PBXContainerItemProxy */ = {
			isa = PBXContainerItemProxy;
			containerPortal = EF0592CA17F0CE33004BA337 /* Project object */;
			proxyType = 1;
			remoteGlobalIDString = EF0592D117F0CE33004BA337;
			remoteInfo = "Push Notifications Demo";
		};
/* End PBXContainerItemProxy section */

/* Begin PBXFileReference section */
		EF0592D217F0CE33004BA337 /* Push Notifications Demo.app */ = {isa = PBXFileReference; explicitFileType = wrapper.application; includeInIndex = 0; path = "Push Notifications Demo.app"; sourceTree = BUILT_PRODUCTS_DIR; };
		EF0592D517F0CE33004BA337 /* Foundation.framework */ = {isa = PBXFileReference; lastKnownFileType = wrapper.framework; name = Foundation.framework; path = System/Library/Frameworks/Foundation.framework; sourceTree = SDKROOT; };
		EF0592D717F0CE33004BA337 /* CoreGraphics.framework */ = {isa = PBXFileReference; lastKnownFileType = wrapper.framework; name = CoreGraphics.framework; path = System/Library/Frameworks/CoreGraphics.framework; sourceTree = SDKROOT; };
		EF0592D917F0CE33004BA337 /* UIKit.framework */ = {isa = PBXFileReference; lastKnownFileType = wrapper.framework; name = UIKit.framework; path = System/Library/Frameworks/UIKit.framework; sourceTree = SDKROOT; };
		EF0592DD17F0CE33004BA337 /* Push Notifications Demo-Info.plist */ = {isa = PBXFileReference; lastKnownFileType = text.plist.xml; path = "Push Notifications Demo-Info.plist"; sourceTree = "<group>"; };
		EF0592DF17F0CE33004BA337 /* en */ = {isa = PBXFileReference; lastKnownFileType = text.plist.strings; name = en; path = en.lproj/InfoPlist.strings; sourceTree = "<group>"; };
		EF0592E117F0CE33004BA337 /* main.m */ = {isa = PBXFileReference; lastKnownFileType = sourcecode.c.objc; path = main.m; sourceTree = "<group>"; };
		EF0592E317F0CE33004BA337 /* Push Notifications Demo-Prefix.pch */ = {isa = PBXFileReference; lastKnownFileType = sourcecode.c.h; path = "Push Notifications Demo-Prefix.pch"; sourceTree = "<group>"; };
		EF0592E417F0CE33004BA337 /* PNAppDelegate.h */ = {isa = PBXFileReference; lastKnownFileType = sourcecode.c.h; path = PNAppDelegate.h; sourceTree = "<group>"; };
		EF0592E517F0CE33004BA337 /* PNAppDelegate.m */ = {isa = PBXFileReference; lastKnownFileType = sourcecode.c.objc; path = PNAppDelegate.m; sourceTree = "<group>"; };
		EF0592E817F0CE33004BA337 /* Base */ = {isa = PBXFileReference; lastKnownFileType = file.storyboard; name = Base; path = Base.lproj/Main.storyboard; sourceTree = "<group>"; };
		EF0592EA17F0CE33004BA337 /* PNFirstViewController.h */ = {isa = PBXFileReference; lastKnownFileType = sourcecode.c.h; path = PNFirstViewController.h; sourceTree = "<group>"; };
		EF0592EB17F0CE33004BA337 /* PNFirstViewController.m */ = {isa = PBXFileReference; lastKnownFileType = sourcecode.c.objc; path = PNFirstViewController.m; sourceTree = "<group>"; };
		EF0592ED17F0CE33004BA337 /* PNSecondViewController.h */ = {isa = PBXFileReference; lastKnownFileType = sourcecode.c.h; path = PNSecondViewController.h; sourceTree = "<group>"; };
		EF0592EE17F0CE33004BA337 /* PNSecondViewController.m */ = {isa = PBXFileReference; lastKnownFileType = sourcecode.c.objc; path = PNSecondViewController.m; sourceTree = "<group>"; };
		EF0592F017F0CE33004BA337 /* Images.xcassets */ = {isa = PBXFileReference; lastKnownFileType = folder.assetcatalog; path = Images.xcassets; sourceTree = "<group>"; };
		EF0592F617F0CE33004BA337 /* Push Notifications DemoTests.xctest */ = {isa = PBXFileReference; explicitFileType = wrapper.cfbundle; includeInIndex = 0; path = "Push Notifications DemoTests.xctest"; sourceTree = BUILT_PRODUCTS_DIR; };
		EF0592F717F0CE33004BA337 /* XCTest.framework */ = {isa = PBXFileReference; lastKnownFileType = wrapper.framework; name = XCTest.framework; path = Library/Frameworks/XCTest.framework; sourceTree = DEVELOPER_DIR; };
		EF0592FF17F0CE33004BA337 /* Push Notifications DemoTests-Info.plist */ = {isa = PBXFileReference; lastKnownFileType = text.plist.xml; path = "Push Notifications DemoTests-Info.plist"; sourceTree = "<group>"; };
		EF05930117F0CE33004BA337 /* en */ = {isa = PBXFileReference; lastKnownFileType = text.plist.strings; name = en; path = en.lproj/InfoPlist.strings; sourceTree = "<group>"; };
		EF05930317F0CE33004BA337 /* Push_Notifications_DemoTests.m */ = {isa = PBXFileReference; lastKnownFileType = sourcecode.c.objc; path = Push_Notifications_DemoTests.m; sourceTree = "<group>"; };
/* End PBXFileReference section */

/* Begin PBXFrameworksBuildPhase section */
		EF0592CF17F0CE33004BA337 /* Frameworks */ = {
			isa = PBXFrameworksBuildPhase;
			buildActionMask = 2147483647;
			files = (
				EF0592D817F0CE33004BA337 /* CoreGraphics.framework in Frameworks */,
				EF0592DA17F0CE33004BA337 /* UIKit.framework in Frameworks */,
				EF0592D617F0CE33004BA337 /* Foundation.framework in Frameworks */,
			);
			runOnlyForDeploymentPostprocessing = 0;
		};
		EF0592F317F0CE33004BA337 /* Frameworks */ = {
			isa = PBXFrameworksBuildPhase;
			buildActionMask = 2147483647;
			files = (
				EF0592F817F0CE33004BA337 /* XCTest.framework in Frameworks */,
				EF0592FA17F0CE33004BA337 /* UIKit.framework in Frameworks */,
				EF0592F917F0CE33004BA337 /* Foundation.framework in Frameworks */,
			);
			runOnlyForDeploymentPostprocessing = 0;
		};
/* End PBXFrameworksBuildPhase section */

/* Begin PBXGroup section */
		EF0592C917F0CE33004BA337 = {
			isa = PBXGroup;
			children = (
				EF0592DB17F0CE33004BA337 /* Push Notifications Demo */,
				EF0592FD17F0CE33004BA337 /* Push Notifications DemoTests */,
				EF0592D417F0CE33004BA337 /* Frameworks */,
				EF0592D317F0CE33004BA337 /* Products */,
			);
			sourceTree = "<group>";
		};
		EF0592D317F0CE33004BA337 /* Products */ = {
			isa = PBXGroup;
			children = (
				EF0592D217F0CE33004BA337 /* Push Notifications Demo.app */,
				EF0592F617F0CE33004BA337 /* Push Notifications DemoTests.xctest */,
			);
			name = Products;
			sourceTree = "<group>";
		};
		EF0592D417F0CE33004BA337 /* Frameworks */ = {
			isa = PBXGroup;
			children = (
				EF0592D517F0CE33004BA337 /* Foundation.framework */,
				EF0592D717F0CE33004BA337 /* CoreGraphics.framework */,
				EF0592D917F0CE33004BA337 /* UIKit.framework */,
				EF0592F717F0CE33004BA337 /* XCTest.framework */,
			);
			name = Frameworks;
			sourceTree = "<group>";
		};
		EF0592DB17F0CE33004BA337 /* Push Notifications Demo */ = {
			isa = PBXGroup;
			children = (
				EF0592E417F0CE33004BA337 /* PNAppDelegate.h */,
				EF0592E517F0CE33004BA337 /* PNAppDelegate.m */,
				EF0592E717F0CE33004BA337 /* Main.storyboard */,
				EF0592EA17F0CE33004BA337 /* PNFirstViewController.h */,
				EF0592EB17F0CE33004BA337 /* PNFirstViewController.m */,
				EF0592ED17F0CE33004BA337 /* PNSecondViewController.h */,
				EF0592EE17F0CE33004BA337 /* PNSecondViewController.m */,
				EF0592F017F0CE33004BA337 /* Images.xcassets */,
				EF0592DC17F0CE33004BA337 /* Supporting Files */,
			);
			path = "Push Notifications Demo";
			sourceTree = "<group>";
		};
		EF0592DC17F0CE33004BA337 /* Supporting Files */ = {
			isa = PBXGroup;
			children = (
				EF0592DD17F0CE33004BA337 /* Push Notifications Demo-Info.plist */,
				EF0592DE17F0CE33004BA337 /* InfoPlist.strings */,
				EF0592E117F0CE33004BA337 /* main.m */,
				EF0592E317F0CE33004BA337 /* Push Notifications Demo-Prefix.pch */,
			);
			name = "Supporting Files";
			sourceTree = "<group>";
		};
		EF0592FD17F0CE33004BA337 /* Push Notifications DemoTests */ = {
			isa = PBXGroup;
			children = (
				EF05930317F0CE33004BA337 /* Push_Notifications_DemoTests.m */,
				EF0592FE17F0CE33004BA337 /* Supporting Files */,
			);
			path = "Push Notifications DemoTests";
			sourceTree = "<group>";
		};
		EF0592FE17F0CE33004BA337 /* Supporting Files */ = {
			isa = PBXGroup;
			children = (
				EF0592FF17F0CE33004BA337 /* Push Notifications DemoTests-Info.plist */,
				EF05930017F0CE33004BA337 /* InfoPlist.strings */,
			);
			name = "Supporting Files";
			sourceTree = "<group>";
		};
/* End PBXGroup section */

/* Begin PBXNativeTarget section */
		EF0592D117F0CE33004BA337 /* Push Notifications Demo */ = {
			isa = PBXNativeTarget;
			buildConfigurationList = EF05930717F0CE33004BA337 /* Build configuration list for PBXNativeTarget "Push Notifications Demo" */;
			buildPhases = (
				EF0592CE17F0CE33004BA337 /* Sources */,
				EF0592CF17F0CE33004BA337 /* Frameworks */,
				EF0592D017F0CE33004BA337 /* Resources */,
			);
			buildRules = (
			);
			dependencies = (
			);
			name = "Push Notifications Demo";
			productName = "Push Notifications Demo";
			productReference = EF0592D217F0CE33004BA337 /* Push Notifications Demo.app */;
			productType = "com.apple.product-type.application";
		};
		EF0592F517F0CE33004BA337 /* Push Notifications DemoTests */ = {
			isa = PBXNativeTarget;
			buildConfigurationList = EF05930A17F0CE33004BA337 /* Build configuration list for PBXNativeTarget "Push Notifications DemoTests" */;
			buildPhases = (
				EF0592F217F0CE33004BA337 /* Sources */,
				EF0592F317F0CE33004BA337 /* Frameworks */,
				EF0592F417F0CE33004BA337 /* Resources */,
			);
			buildRules = (
			);
			dependencies = (
				EF0592FC17F0CE33004BA337 /* PBXTargetDependency */,
			);
			name = "Push Notifications DemoTests";
			productName = "Push Notifications DemoTests";
			productReference = EF0592F617F0CE33004BA337 /* Push Notifications DemoTests.xctest */;
			productType = "com.apple.product-type.bundle.unit-test";
		};
/* End PBXNativeTarget section */

/* Begin PBXProject section */
		EF0592CA17F0CE33004BA337 /* Project object */ = {
			isa = PBXProject;
			attributes = {
				CLASSPREFIX = PN;
				LastUpgradeCheck = 0500;
				ORGANIZATIONNAME = "Code Fellows";
				TargetAttributes = {
					EF0592F517F0CE33004BA337 = {
						TestTargetID = EF0592D117F0CE33004BA337;
					};
				};
			};
			buildConfigurationList = EF0592CD17F0CE33004BA337 /* Build configuration list for PBXProject "Push Notifications Demo" */;
			compatibilityVersion = "Xcode 3.2";
			developmentRegion = English;
			hasScannedForEncodings = 0;
			knownRegions = (
				en,
				Base,
			);
			mainGroup = EF0592C917F0CE33004BA337;
			productRefGroup = EF0592D317F0CE33004BA337 /* Products */;
			projectDirPath = "";
			projectRoot = "";
			targets = (
				EF0592D117F0CE33004BA337 /* Push Notifications Demo */,
				EF0592F517F0CE33004BA337 /* Push Notifications DemoTests */,
			);
		};
/* End PBXProject section */

/* Begin PBXResourcesBuildPhase section */
		EF0592D017F0CE33004BA337 /* Resources */ = {
			isa = PBXResourcesBuildPhase;
			buildActionMask = 2147483647;
			files = (
				EF0592F117F0CE33004BA337 /* Images.xcassets in Resources */,
				EF0592E017F0CE33004BA337 /* InfoPlist.strings in Resources */,
				EF0592E917F0CE33004BA337 /* Main.storyboard in Resources */,
			);
			runOnlyForDeploymentPostprocessing = 0;
		};
		EF0592F417F0CE33004BA337 /* Resources */ = {
			isa = PBXResourcesBuildPhase;
			buildActionMask = 2147483647;
			files = (
				EF05930217F0CE33004BA337 /* InfoPlist.strings in Resources */,
			);
			runOnlyForDeploymentPostprocessing = 0;
		};
/* End PBXResourcesBuildPhase section */

/* Begin PBXSourcesBuildPhase section */
		EF0592CE17F0CE33004BA337 /* Sources */ = {
			isa = PBXSourcesBuildPhase;
			buildActionMask = 2147483647;
			files = (
				EF0592EF17F0CE33004BA337 /* PNSecondViewController.m in Sources */,
				EF0592E617F0CE33004BA337 /* PNAppDelegate.m in Sources */,
				EF0592E217F0CE33004BA337 /* main.m in Sources */,
				EF0592EC17F0CE33004BA337 /* PNFirstViewController.m in Sources */,
			);
			runOnlyForDeploymentPostprocessing = 0;
		};
		EF0592F217F0CE33004BA337 /* Sources */ = {
			isa = PBXSourcesBuildPhase;
			buildActionMask = 2147483647;
			files = (
				EF05930417F0CE33004BA337 /* Push_Notifications_DemoTests.m in Sources */,
			);
			runOnlyForDeploymentPostprocessing = 0;
		};
/* End PBXSourcesBuildPhase section */

/* Begin PBXTargetDependency section */
		EF0592FC17F0CE33004BA337 /* PBXTargetDependency */ = {
			isa = PBXTargetDependency;
			target = EF0592D117F0CE33004BA337 /* Push Notifications Demo */;
			targetProxy = EF0592FB17F0CE33004BA337 /* PBXContainerItemProxy */;
		};
/* End PBXTargetDependency section */

/* Begin PBXVariantGroup section */
		EF0592DE17F0CE33004BA337 /* InfoPlist.strings */ = {
			isa = PBXVariantGroup;
			children = (
				EF0592DF17F0CE33004BA337 /* en */,
			);
			name = InfoPlist.strings;
			sourceTree = "<group>";
		};
		EF0592E717F0CE33004BA337 /* Main.storyboard */ = {
			isa = PBXVariantGroup;
			children = (
				EF0592E817F0CE33004BA337 /* Base */,
			);
			name = Main.storyboard;
			sourceTree = "<group>";
		};
		EF05930017F0CE33004BA337 /* InfoPlist.strings */ = {
			isa = PBXVariantGroup;
			children = (
				EF05930117F0CE33004BA337 /* en */,
			);
			name = InfoPlist.strings;
			sourceTree = "<group>";
		};
/* End PBXVariantGroup section */

/* Begin XCBuildConfiguration section */
		EF05930517F0CE33004BA337 /* Debug */ = {
			isa = XCBuildConfiguration;
			buildSettings = {
				ALWAYS_SEARCH_USER_PATHS = NO;
				ARCHS = "$(ARCHS_STANDARD_INCLUDING_64_BIT)";
				CLANG_CXX_LANGUAGE_STANDARD = "gnu++0x";
				CLANG_CXX_LIBRARY = "libc++";
				CLANG_ENABLE_MODULES = YES;
				CLANG_ENABLE_OBJC_ARC = YES;
				CLANG_WARN_BOOL_CONVERSION = YES;
				CLANG_WARN_CONSTANT_CONVERSION = YES;
				CLANG_WARN_DIRECT_OBJC_ISA_USAGE = YES_ERROR;
				CLANG_WARN_EMPTY_BODY = YES;
				CLANG_WARN_ENUM_CONVERSION = YES;
				CLANG_WARN_INT_CONVERSION = YES;
				CLANG_WARN_OBJC_ROOT_CLASS = YES_ERROR;
				CLANG_WARN__DUPLICATE_METHOD_MATCH = YES;
				"CODE_SIGN_IDENTITY[sdk=iphoneos*]" = "iPhone Developer";
				COPY_PHASE_STRIP = NO;
				GCC_C_LANGUAGE_STANDARD = gnu99;
				GCC_DYNAMIC_NO_PIC = NO;
				GCC_OPTIMIZATION_LEVEL = 0;
				GCC_PREPROCESSOR_DEFINITIONS = (
					"DEBUG=1",
					"$(inherited)",
				);
				GCC_SYMBOLS_PRIVATE_EXTERN = NO;
				GCC_WARN_64_TO_32_BIT_CONVERSION = YES;
				GCC_WARN_ABOUT_RETURN_TYPE = YES_ERROR;
				GCC_WARN_UNDECLARED_SELECTOR = YES;
				GCC_WARN_UNINITIALIZED_AUTOS = YES;
				GCC_WARN_UNUSED_FUNCTION = YES;
				GCC_WARN_UNUSED_VARIABLE = YES;
				IPHONEOS_DEPLOYMENT_TARGET = 7.0;
				ONLY_ACTIVE_ARCH = YES;
				SDKROOT = iphoneos;
			};
			name = Debug;
		};
		EF05930617F0CE33004BA337 /* Release */ = {
			isa = XCBuildConfiguration;
			buildSettings = {
				ALWAYS_SEARCH_USER_PATHS = NO;
				ARCHS = "$(ARCHS_STANDARD_INCLUDING_64_BIT)";
				CLANG_CXX_LANGUAGE_STANDARD = "gnu++0x";
				CLANG_CXX_LIBRARY = "libc++";
				CLANG_ENABLE_MODULES = YES;
				CLANG_ENABLE_OBJC_ARC = YES;
				CLANG_WARN_BOOL_CONVERSION = YES;
				CLANG_WARN_CONSTANT_CONVERSION = YES;
				CLANG_WARN_DIRECT_OBJC_ISA_USAGE = YES_ERROR;
				CLANG_WARN_EMPTY_BODY = YES;
				CLANG_WARN_ENUM_CONVERSION = YES;
				CLANG_WARN_INT_CONVERSION = YES;
				CLANG_WARN_OBJC_ROOT_CLASS = YES_ERROR;
				CLANG_WARN__DUPLICATE_METHOD_MATCH = YES;
				"CODE_SIGN_IDENTITY[sdk=iphoneos*]" = "iPhone Developer";
				COPY_PHASE_STRIP = YES;
				ENABLE_NS_ASSERTIONS = NO;
				GCC_C_LANGUAGE_STANDARD = gnu99;
				GCC_WARN_64_TO_32_BIT_CONVERSION = YES;
				GCC_WARN_ABOUT_RETURN_TYPE = YES_ERROR;
				GCC_WARN_UNDECLARED_SELECTOR = YES;
				GCC_WARN_UNINITIALIZED_AUTOS = YES;
				GCC_WARN_UNUSED_FUNCTION = YES;
				GCC_WARN_UNUSED_VARIABLE = YES;
				IPHONEOS_DEPLOYMENT_TARGET = 7.0;
				SDKROOT = iphoneos;
				VALIDATE_PRODUCT = YES;
			};
			name = Release;
		};
		EF05930817F0CE33004BA337 /* Debug */ = {
			isa = XCBuildConfiguration;
			buildSettings = {
				ASSETCATALOG_COMPILER_APPICON_NAME = AppIcon;
				ASSETCATALOG_COMPILER_LAUNCHIMAGE_NAME = LaunchImage;
				GCC_PRECOMPILE_PREFIX_HEADER = YES;
				GCC_PREFIX_HEADER = "Push Notifications Demo/Push Notifications Demo-Prefix.pch";
				INFOPLIST_FILE = "Push Notifications Demo/Push Notifications Demo-Info.plist";
				PRODUCT_NAME = "$(TARGET_NAME)";
				WRAPPER_EXTENSION = app;
			};
			name = Debug;
		};
		EF05930917F0CE33004BA337 /* Release */ = {
			isa = XCBuildConfiguration;
			buildSettings = {
				ASSETCATALOG_COMPILER_APPICON_NAME = AppIcon;
				ASSETCATALOG_COMPILER_LAUNCHIMAGE_NAME = LaunchImage;
				GCC_PRECOMPILE_PREFIX_HEADER = YES;
				GCC_PREFIX_HEADER = "Push Notifications Demo/Push Notifications Demo-Prefix.pch";
				INFOPLIST_FILE = "Push Notifications Demo/Push Notifications Demo-Info.plist";
				PRODUCT_NAME = "$(TARGET_NAME)";
				WRAPPER_EXTENSION = app;
			};
			name = Release;
		};
		EF05930B17F0CE33004BA337 /* Debug */ = {
			isa = XCBuildConfiguration;
			buildSettings = {
				ARCHS = "$(ARCHS_STANDARD_INCLUDING_64_BIT)";
				BUNDLE_LOADER = "$(BUILT_PRODUCTS_DIR)/Push Notifications Demo.app/Push Notifications Demo";
				FRAMEWORK_SEARCH_PATHS = (
					"$(SDKROOT)/Developer/Library/Frameworks",
					"$(inherited)",
					"$(DEVELOPER_FRAMEWORKS_DIR)",
				);
				GCC_PRECOMPILE_PREFIX_HEADER = YES;
				GCC_PREFIX_HEADER = "Push Notifications Demo/Push Notifications Demo-Prefix.pch";
				GCC_PREPROCESSOR_DEFINITIONS = (
					"DEBUG=1",
					"$(inherited)",
				);
				INFOPLIST_FILE = "Push Notifications DemoTests/Push Notifications DemoTests-Info.plist";
				PRODUCT_NAME = "$(TARGET_NAME)";
				TEST_HOST = "$(BUNDLE_LOADER)";
				WRAPPER_EXTENSION = xctest;
			};
			name = Debug;
		};
		EF05930C17F0CE33004BA337 /* Release */ = {
			isa = XCBuildConfiguration;
			buildSettings = {
				ARCHS = "$(ARCHS_STANDARD_INCLUDING_64_BIT)";
				BUNDLE_LOADER = "$(BUILT_PRODUCTS_DIR)/Push Notifications Demo.app/Push Notifications Demo";
				FRAMEWORK_SEARCH_PATHS = (
					"$(SDKROOT)/Developer/Library/Frameworks",
					"$(inherited)",
					"$(DEVELOPER_FRAMEWORKS_DIR)",
				);
				GCC_PRECOMPILE_PREFIX_HEADER = YES;
				GCC_PREFIX_HEADER = "Push Notifications Demo/Push Notifications Demo-Prefix.pch";
				INFOPLIST_FILE = "Push Notifications DemoTests/Push Notifications DemoTests-Info.plist";
				PRODUCT_NAME = "$(TARGET_NAME)";
				TEST_HOST = "$(BUNDLE_LOADER)";
				WRAPPER_EXTENSION = xctest;
			};
			name = Release;
		};
/* End XCBuildConfiguration section */

/* Begin XCConfigurationList section */
		EF0592CD17F0CE33004BA337 /* Build configuration list for PBXProject "Push Notifications Demo" */ = {
			isa = XCConfigurationList;
			buildConfigurations = (
				EF05930517F0CE33004BA337 /* Debug */,
				EF05930617F0CE33004BA337 /* Release */,
			);
			defaultConfigurationIsVisible = 0;
			defaultConfigurationName = Release;
		};
		EF05930717F0CE33004BA337 /* Build configuration list for PBXNativeTarget "Push Notifications Demo" */ = {
			isa = XCConfigurationList;
			buildConfigurations = (
				EF05930817F0CE33004BA337 /* Debug */,
				EF05930917F0CE33004BA337 /* Release */,
			);
			defaultConfigurationIsVisible = 0;
		};
		EF05930A17F0CE33004BA337 /* Build configuration list for PBXNativeTarget "Push Notifications DemoTests" */ = {
			isa = XCConfigurationList;
			buildConfigurations = (
				EF05930B17F0CE33004BA337 /* Debug */,
				EF05930C17F0CE33004BA337 /* Release */,
			);
			defaultConfigurationIsVisible = 0;
		};
/* End XCConfigurationList section */
	};
	rootObject = EF0592CA17F0CE33004BA337 /* Project object */;
}
